
Microsoft Visual Studio Solution File, Format Version 12.00
# Visual Studio 15
VisualStudioVersion = 15.0.28307.106
MinimumVisualStudioVersion = 10.0.40219.1
Project("{FAE04EC0-301F-11D3-BF4B-00C04F79EFBC}") = "LinqConsoleApp", "LinqConsoleApp\LinqConsoleApp.csproj", "{8EA68AD0-8F71-448B-8213-253090AEBE3C}"
EndProject
Project("{FAE04EC0-301F-11D3-BF4B-00C04F79EFBC}") = "WindowsFormsLinq", "WindowsFormsLinq\WindowsFormsLinq.csproj", "{E1FDF1AA-487F-4294-A6E9-3679B1C2C4F3}"
EndProject
Global
	GlobalSection(SolutionConfigurationPlatforms) = preSolution
		Debug|Any CPU = Debug|Any CPU
		Release|Any CPU = Release|Any CPU
	EndGlobalSection
	GlobalSection(ProjectConfigurationPlatforms) = postSolution
		{8EA68AD0-8F71-448B-8213-253090AEBE3C}.Debug|Any CPU.ActiveCfg = Debug|Any CPU
		{8EA68AD0-8F71-448B-8213-253090AEBE3C}.Debug|Any CPU.Build.0 = Debug|Any CPU
		{8EA68AD0-8F71-448B-8213-253090AEBE3C}.Release|Any CPU.ActiveCfg = Release|Any CPU
		{8EA68AD0-8F71-448B-8213-253090AEBE3C}.Release|Any CPU.Build.0 = Release|Any CPU
		{E1FDF1AA-487F-4294-A6E9-3679B1C2C4F3}.Debug|Any CPU.ActiveCfg = Debug|Any CPU
		{E1FDF1AA-487F-4294-A6E9-3679B1C2C4F3}.Debug|Any CPU.Build.0 = Debug|Any CPU
		{E1FDF1AA-487F-4294-A6E9-3679B1C2C4F3}.Release|Any CPU.ActiveCfg = Release|Any CPU
		{E1FDF1AA-487F-4294-A6E9-3679B1C2C4F3}.Release|Any CPU.Build.0 = Release|Any CPU
	EndGlobalSection
	GlobalSection(SolutionProperties) = preSolution
		HideSolutionNode = FALSE
	EndGlobalSection
	GlobalSection(ExtensibilityGlobals) = postSolution
		SolutionGuid = {1791328F-20BF-4F3C-8E94-C901A2DA222E}
	EndGlobalSection
EndGlobal
